# This file is @generated by PDM.
# It is not intended for manual editing.

[metadata]
groups = ["default"]
strategy = ["inherit_metadata"]
lock_version = "4.5.1"
content_hash = "sha256:112de3bbdcbd629859d51ff07acf31181d21ee619a4aa05c4974b92df0b97bdd"

[[metadata.targets]]
requires_python = "==3.13.*"

[[package]]
name = "annotated-types"
version = "0.8.0"
requires_python = ">=3.10"
summary = "Reusable constraint types to use with typing.Annotated"
groups = ["default"]
files = [
    {file = "annotated_types-0.8.0-py3-none-any.whl", hash = "sha256:f072f4d804ea359e4eaf198b1af7a8b0943881a87f31bb764f8bf219bb9419e0"},
    {file = "annotated_types-0.8.0.tar.gz", hash = "sha256:13b2beaad985e05e2d6407ee4c4f35590b11f8d693a258a561055cac8f64cab7"},
]

[[package]]
name = "anyio"
version = "4.15.1"
requires_python = ">=3.10"
summary = "High-level concurrency and networking framework on top of asyncio or Trio"
groups = ["default"]
dependencies = [
    "exceptiongroup>=1.0.2; python_version < \"3.11\"",
    "idna>=2.8",
    "typing-extensions>=4.16.0; python_version < \"3.15\"",
]
files = [
    {file = "anyio-4.15.1-py3-none-any.whl", hash = "sha256:6152fdbbf9a77fdec97731721bebf7c4c44f7c29b424b0065826173efc7ed101"},
    {file = "anyio-4.15.1.tar.gz", hash = "sha256:9f28306018cbd6d329e64a36d58256edff76dd996fe423bc957326e578b82a94"},
]

[[package]]
name = "certifi"
version = "2026.7.22"
requires_python = ">=3.7"
summary = "Python package for providing Mozilla's CA Bundle."
groups = ["default"]
files = [
    {file = "certifi-2026.7.22-py3-none-any.whl", hash = "sha256:62f22742b58a1a33014a2b6b706588a8d7e2a88ae7bd1a6ebe8c992928483775"},
    {file = "certifi-2026.7.22.tar.gz", hash = "sha256:741e2c3b351ddf169a738da9f2c048608ff7f2c5cc02f1ebc6b118bb090d5d55"},
]

[[package]]
name = "cffi"
version = "2.1.1"
requires_python = ">=3.10"
summary = "Foreign Function Interface for Python calling C code."
groups = ["default"]
marker = "platform_python_implementation != \"PyPy\" and python_version < \"3.14\""
dependencies = [
    "pycparser; implementation_name != \"PyPy\"",
]
files = [
    {file = "cffi-2.1.1-cp313-cp313-ios_13_0_arm64_iphoneos.whl", hash = "sha256:b5bdfd1c873d4e093aabc0ca84c4ca6dbc4f752afb5c86f146d9742580c9da2e"},
    {file = "cffi-2.1.1-cp313-cp313-ios_13_0_arm64_iphonesimulator.whl", hash = "sha256:31348097ff5bbe827ccc41795d4dd099d9f0625e7def00ee653c137a490c2a6c"},
    {file = "cffi-2.1.1-cp313-cp313-macosx_10_15_x86_64.whl", hash = "sha256:9d2055050ea716bd38b7f7f1579c275386646b4894c155a3e2f3cd62ed41b7c6"},
    {file = "cffi-2.1.1-cp313-cp313-macosx_11_0_arm64.whl", hash = "sha256:19ee6127ee34de7d83ce3d371ebc5ed91addbdcc39f9ab15ce4eb35a4e534971"},
    {file = "cffi-2.1.1-cp313-cp313-manylinux1_i686.manylinux2014_i686.manylinux_2_17_i686.manylinux_2_5_i686.whl", hash = "sha256:6a8dddef476fab96d066d578fc88526767b836ab5ab21754e1d5bf3879c31c7c"},
    {file = "cffi-2.1.1-cp313-cp313-manylinux2014_aarch64.manylinux_2_17_aarch64.whl", hash = "sha256:f16c709686a78c727bbbf059f92b0bf41c6fc60deec706d2dc19f529175a6125"},
    {file = "cffi-2.1.1-cp313-cp313-manylinux2014_ppc64le.manylinux_2_17_ppc64le.whl", hash = "sha256:fcd22650c908d7b7da162bbfaab594a1227a15d1643a98c68b122ac642fa2264"},
    {file = "cffi-2.1.1-cp313-cp313-manylinux2014_s390x.manylinux_2_17_s390x.whl", hash = "sha256:aa9511c62d14da7aacc9b4bf51f3f697a621e83b2d6919008243c3aad168eea3"},
    {file = "cffi-2.1.1-cp313-cp313-manylinux2014_x86_64.manylinux_2_17_x86_64.whl", hash = "sha256:a931079504ecc49efed7744c476a5c343a92fabf66dec2db95edb1b2fdc770e2"},
    {file = "cffi-2.1.1-cp313-cp313-musllinux_1_2_aarch64.whl", hash = "sha256:a2d7755bef5a12ed488f4ef1f1b69ee9191d7396083b755a5d2295f6edb4768b"},
    {file = "cffi-2.1.1-cp313-cp313-musllinux_1_2_x86_64.whl", hash = "sha256:e0bcb7e0f677f543555d2adff3bf19c05f66cdb4796e5ff602442ab2fe3c4ef7"},
    {file = "cffi-2.1.1-cp313-cp313-win32.whl", hash = "sha256:334644fbac4eff73d985a17a91226df55d0f394160c4cfb880e084c8f7161cac"},
    {file = "cffi-2.1.1-cp313-cp313-win_amd64.whl", hash = "sha256:1aa5645c30469b09530c4ebca77ebf8f17618293c58f8549cb1a543a50236e7d"},
    {file = "cffi-2.1.1-cp313-cp313-win_arm64.whl", hash = "sha256:63bbfd5ded17c4840ac07cd8f1c21ba9d9708141f840b324f422f41b207e3973"},
    {file = "cffi-2.1.1.tar.gz", hash = "sha256:dd31f52ea1086513bb9df30f8fcee9b8918323ae067a3d5b78bc826a000712be"},
]

[[package]]
name = "charset-normalizer"
version = "3.5.2"
requires_python = ">=3.7"
summary = "The Real First Universal Charset Detector. Open, modern and actively maintained alternative to Chardet."
groups = ["default"]
files = [
    {file = "charset_normalizer-3.5.2-cp313-cp313-android_24_arm64_v8a.whl", hash = "sha256:ed905975ab14056a2e5eb1c376cb2e1ebc5396baf84163939c518556fccde9f5"},
    {file = "charset_normalizer-3.5.2-cp313-cp313-android_24_x86_64.whl", hash = "sha256:a66c3bc5ab1f0ff2164fc9965ddd611ff0802173f4b9d24554c563f6ab7e1d6e"},
    {file = "charset_normalizer-3.5.2-cp313-cp313-ios_13_0_arm64_iphoneos.whl", hash = "sha256:d2374b62878abb00cd8309b32af6c0b715cd02dec0ca74ef12e5069bdc64144a"},
    {file = "charset_normalizer-3.5.2-cp313-cp313-ios_13_0_arm64_iphonesimulator.whl", hash = "sha256:d376bbd28b3a8999db1a103b3b388aee6f1ddeb3e51bc2172993efdcd86e064d"},
    {file = "charset_normalizer-3.5.2-cp313-cp313-macosx_10_13_universal2.whl", hash = "sha256:6045373d5a89a5ec71afde535db987ca28e76dfa276c2d4c818265b375d4b055"},
    {file = "charset_normalizer-3.5.2-cp313-cp313-manylinux2014_aarch64.manylinux_2_17_aarch64.manylinux_2_28_aarch64.whl", hash = "sha256:849df64e889b2e17230d58410a03dba311a65b163508fd33679b2b737d4b7858"},
    {file = "charset_normalizer-3.5.2-cp313-cp313-manylinux2014_armv7l.manylinux_2_17_armv7l.manylinux_2_31_armv7l.whl", hash = "sha256:15c44f7edfd477b06f517a5cc317fc1707edb9de2c865f43d4b6513907473234"},
    {file = "charset_normalizer-3.5.2-cp313-cp313-manylinux2014_ppc64le.manylinux_2_17_ppc64le.manylinux_2_28_ppc64le.whl", hash = "sha256:a89012d6d5476ee112d20d998570ed58df2260a852afb1758809cd6900411d21"},
    {file = "charset_normalizer-3.5.2-cp313-cp313-manylinux2014_s390x.manylinux_2_17_s390x.manylinux_2_28_s390x.whl", hash = "sha256:0c951d5e6dd9c2ff60609476752bee49da4206adde960ebc247766937f72e718"},
    {file = "charset_normalizer-3.5.2-cp313-cp313-manylinux2014_x86_64.manylinux_2_17_x86_64.manylinux_2_28_x86_64.whl", hash = "sha256:7218e8f32b0956cfcd048fd42d9d5779809745ca1d86113ca56f66e7ae1549c4"},
    {file = "charset_normalizer-3.5.2-cp313-cp313-manylinux_2_31_riscv64.manylinux_2_39_riscv64.whl", hash = "sha256:a19a731138fc27d5682277d3b9df22855cea1239bce7fcec5f78f42ef2d1f3c3"},
    {file = "charset_normalizer-3.5.2-cp313-cp313-musllinux_1_2_aarch64.whl", hash = "sha256:62603db9a7caa0802eaa28c1c46fecd7b3a263a774069c24c3c28c302448721c"},
    {file = "charset_normalizer-3.5.2-cp313-cp313-musllinux_1_2_armv7l.whl", hash = "sha256:b6856554c4f44d79fc2307d5768854310a8f0096e501c75637542c82292b0429"},
    {file = "charset_normalizer-3.5.2-cp313-cp313-musllinux_1_2_ppc64le.whl", hash = "sha256:1bc0baf5ef96b6ede57d47f4b8fe4d9d84019c3bfcbeb20a41edc6a6ee341f1f"},
    {file = "charset_normalizer-3.5.2-cp313-cp313-musllinux_1_2_riscv64.whl", hash = "sha256:56bc200a365efb37383b7852e4cc5898d3b2da5987289b543956cf8cad71018a"},
    {file = "charset_normalizer-3.5.2-cp313-cp313-musllinux_1_2_s390x.whl", hash = "sha256:2c9ad19a6cfcd5ea5c0d41161d22f9df1dcc277e9bef2751391334546a314c00"},
    {file = "charset_normalizer-3.5.2-cp313-cp313-musllinux_1_2_x86_64.whl", hash = "sha256:e243bd13217235fc7290c621941c3f5cc8b66e4872495be821d7436ba2fb838d"},
    {file = "charset_normalizer-3.5.2-cp313-cp313-pyemscripten_2025_0_wasm32.whl", hash = "sha256:a090bb2c68df85450502e3e20d665e3a5af9c65a84d6508ed477badd49166fd3"},
    {file = "charset_normalizer-3.5.2-cp313-cp313-win32.whl", hash = "sha256:2b7b3bbfb4fe8ef40600792d762fbaa9057559f9d3fad209525b7a22b99e91fd"},
    {file = "charset_normalizer-3.5.2-cp313-cp313-win_amd64.whl", hash = "sha256:78456a747de8dc58360ffa581f30a002baf5aa28cb262536545e91f113ed7639"},
    {file = "charset_normalizer-3.5.2-cp313-cp313-win_arm64.whl", hash = "sha256:11912e4bb14baae7c5d8791aa55ba0a3a03ec6729073307b0f57270abaa713d3"},
    {file = "charset_normalizer-3.5.2-cp37-abi3-macosx_10_9_universal2.whl", hash = "sha256:4275811936e2f06feff5e598fb42a1b7ae852da8e39605211892b56b81a34efd"},
    {file = "charset_normalizer-3.5.2-cp37-abi3-manylinux1_x86_64.manylinux_2_28_x86_64.manylinux_2_5_x86_64.whl", hash = "sha256:1c50fe28bbc2ced33386f298650d91218076c05420e6cbd790b913adc41659e7"},
    {file = "charset_normalizer-3.5.2-cp37-abi3-manylinux2014_aarch64.manylinux_2_17_aarch64.manylinux_2_28_aarch64.whl", hash = "sha256:d19fbd981a488e22cd04883659ca6b08f50b5974f9fd7c95655ef6a043e5893f"},
    {file = "charset_normalizer-3.5.2-cp37-abi3-manylinux2014_armv7l.manylinux_2_17_armv7l.manylinux_2_31_armv7l.whl", hash = "sha256:0fed1d06615f022ee3b13caf5e8b180cfea32bb2c5aded8a9d44277afc040f93"},
    {file = "charset_normalizer-3.5.2-cp37-abi3-manylinux2014_ppc64le.manylinux_2_17_ppc64le.manylinux_2_28_ppc64le.whl", hash = "sha256:838dcc90063569a0448120554591a1d6c4a4ffe11babf048908793154ab86ade"},
    {file = "charset_normalizer-3.5.2-cp37-abi3-manylinux2014_s390x.manylinux_2_17_s390x.manylinux_2_28_s390x.whl", hash = "sha256:2ce45c6627b22c47e390bc91a41c3d13032192e699fa0bea96e9671b373d69b0"},
    {file = "charset_normalizer-3.5.2-cp37-abi3-manylinux_2_31_riscv64.manylinux_2_39_riscv64.whl", hash = "sha256:0774bf9bf620249fee3e0b8b9fd3065de213be30f3aa94ce2494b3b638949e26"},
    {file = "charset_normalizer-3.5.2-cp37-abi3-musllinux_1_2_aarch64.whl", hash = "sha256:1db38f4c5496827c1a501846d64d14c3b80c7e6714e406cd7dc36a9899fa1011"},
    {file = "charset_normalizer-3.5.2-cp37-abi3-musllinux_1_2_armv7l.whl", hash = "sha256:304d8e4d493af723536393eee0c689eb7813f4a474c8b479dee63f1fdd98f621"},
    {file = "charset_normalizer-3.5.2-cp37-abi3-musllinux_1_2_ppc64le.whl", hash = "sha256:9b7f416ff0978e2f2249330527f0ad6fa02f4932e6199692d3b52da2048c19e4"},
    {file = "charset_normalizer-3.5.2-cp37-abi3-musllinux_1_2_riscv64.whl", hash = "sha256:01077390b03f7988f11d700a2194e69b119741a86b1a638b1db88891e3eced8e"},
    {file = "charset_normalizer-3.5.2-cp37-abi3-musllinux_1_2_s390x.whl", hash = "sha256:7e841fb9010836c992c9f12fcbd43a831de93a5f726fc1ccd8ca1d0268c5014c"},
    {file = "charset_normalizer-3.5.2-cp37-abi3-musllinux_1_2_x86_64.whl", hash = "sha256:9cae88599c7219005d879f98e5ed53341e9a122af585e1091200358a3003d2a0"},
    {file = "charset_normalizer-3.5.2-cp37-abi3-win32.whl", hash = "sha256:01b0c0d2262a9e28e8484a278c7e1b5d650e3ac8cf2683d2967e25899f208bdf"},
    {file = "charset_normalizer-3.5.2-cp37-abi3-win_amd64.whl", hash = "sha256:9f56f72050826f63dcee7a7f55b0a77168cb3bfc553fd405e7f8f9ece75a4036"},
    {file = "charset_normalizer-3.5.2-cp37-abi3-win_arm64.whl", hash = "sha256:40ab6bffa02ae10a0581e6c198be7d2d8ca5c2a0c64e4ed3465d766df457573e"},
    {file = "charset_normalizer-3.5.2-py3-none-any.whl", hash = "sha256:b6b751274acb69d77b3323d6b7dbaa3c7fdfc1eb829b7eb61d262f32e1af9685"},
    {file = "charset_normalizer-3.5.2.tar.gz", hash = "sha256:39de2a259fc954455c57274dc94c79d5842774e1247a016aff30bc0efed0f4ef"},
]

[[package]]
name = "cryptography"
version = "50.0.2"
requires_python = "!=3.9.0,!=3.9.1,>=3.9"
summary = "cryptography is a package which provides cryptographic recipes and primitives to Python developers."
groups = ["default"]
marker = "python_version < \"3.14\""
dependencies = [
    "cffi>=2.0.0; platform_python_implementation != \"PyPy\"",
    "typing-extensions>=4.13.2; python_full_version < \"3.11\"",
]
files = [
    {file = "cryptography-50.0.2-cp311-abi3-macosx_11_0_arm64.whl", hash = "sha256:fa8f5efb344d6908a1ce62f4a24e2e5780f825d6f53f5f50ec5ffacac72936cb"},
    {file = "cryptography-50.0.2-cp311-abi3-manylinux2014_aarch64.manylinux_2_17_aarch64.whl", hash = "sha256:79def8d059362e7831389ed3be0ecdf58a89386e1271e35dd9f5af84e81bffd0"},
    {file = "cryptography-50.0.2-cp311-abi3-manylinux2014_x86_64.manylinux_2_17_x86_64.whl", hash = "sha256:630ebfea3bf689d075f82316324ff7433dc447fe6bc1bfc76524b74b4a9567d2"},
    {file = "cryptography-50.0.2-cp311-abi3-manylinux_2_28_aarch64.whl", hash = "sha256:f9f6143a8c75945eb960d9eb98905a441394abfa24afaae239d514ffb2586480"},
    {file = "cryptography-50.0.2-cp311-abi3-manylinux_2_28_ppc64le.whl", hash = "sha256:a582ab2ae1d34f67112cadc86702774c9ea4374df6bca6afe672817203c99134"},
    {file = "cryptography-50.0.2-cp311-abi3-manylinux_2_28_x86_64.whl", hash = "sha256:4061c0079120205fb760c58acab6443e217307dcf05e3702cf970e0689972856"},
    {file = "cryptography-50.0.2-cp311-abi3-manylinux_2_31_armv7l.whl", hash = "sha256:ac9ed99d81760c62fe89d5f0815cdfa1ba9a35141cf30f1c2d044f04b4803d2e"},
    {file = "cryptography-50.0.2-cp311-abi3-manylinux_2_34_aarch64.whl", hash = "sha256:87e9ce85beb6b328ba370cc6e6aea483c92617b4c95b1d33a49297eb662bfb04"},
    {file = "cryptography-50.0.2-cp311-abi3-manylinux_2_34_ppc64le.whl", hash = "sha256:f265528741e048bce55c3463ed721fb0aa45a5888d8add8cfeccb3035451bbdc"},
    {file = "cryptography-50.0.2-cp311-abi3-manylinux_2_34_x86_64.whl", hash = "sha256:9dab55f57c74c3cad24c323bacbbd04be4705ba6eb0d92e920b1fc4837ed5079"},
    {file = "cryptography-50.0.2-cp311-abi3-musllinux_1_2_aarch64.whl", hash = "sha256:25784ce8b9621c90c643efb9e1e2162ab3b0224cae446ad5e70e7fcb1ce18b51"},
    {file = "cryptography-50.0.2-cp311-abi3-musllinux_1_2_x86_64.whl", hash = "sha256:85d0d9a31b9098e98534226d5686b47264b95e62ce459dc2e62fdfc809f9fe93"},
    {file = "cryptography-50.0.2-cp311-abi3-win_amd64.whl", hash = "sha256:7afa5a6602a9f29af1f3a2965f831bae7c9d5d597b7cbb716d41ab3b7d89879c"},
    {file = "cryptography-50.0.2-cp39-abi3-macosx_11_0_arm64.whl", hash = "sha256:0ec5f09541743261e66e291b4a0cbf0fb2997aeaab6d9e9c740b9dba1b58d1c2"},
    {file = "cryptography-50.0.2-cp39-abi3-manylinux2014_aarch64.manylinux_2_17_aarch64.whl", hash = "sha256:c5e67125c7dca78d199ec4e116aa93dbb83494808ecbb8211a2cb09b1bf41dbd"},
    {file = "cryptography-50.0.2-cp39-abi3-manylinux2014_x86_64.manylinux_2_17_x86_64.whl", hash = "sha256:ee247f5c245c9a2fe7c8e2214e295918838e44e00a45a6718451e4004219e767"},
    {file = "cryptography-50.0.2-cp39-abi3-manylinux_2_28_aarch64.whl", hash = "sha256:dfe9763530994147d9af1def057a5b9658b00e8f8fe8743d144d1e0911c2e454"},
    {file = "cryptography-50.0.2-cp39-abi3-manylinux_2_28_ppc64le.whl", hash = "sha256:58ddb5a8e3179d12f19e4ea34d2d32e9d63a4baa142c875c1eb59f41b7243acd"},
    {file = "cryptography-50.0.2-cp39-abi3-manylinux_2_28_x86_64.whl", hash = "sha256:f21e8a22c8605750c7af886bab299a363721264061b4ac0a30efb73cfd58efc5"},
    {file = "cryptography-50.0.2-cp39-abi3-manylinux_2_31_armv7l.whl", hash = "sha256:9c8402a82ea0dc4ceeab793db05f0fafa8ca139ca34fcde5df0f596103c74107"},
    {file = "cryptography-50.0.2-cp39-abi3-manylinux_2_34_aarch64.whl", hash = "sha256:0ddc924c04591c2811ca024d62ecad4f7f6f08af8939c211438f48a16bd23602"},
    {file = "cryptography-50.0.2-cp39-abi3-manylinux_2_34_ppc64le.whl", hash = "sha256:a6557e5f38e065ca9fbdaf7cfc7435ecb1d113aa81a022d1b51921ee7432e227"},
    {file = "cryptography-50.0.2-cp39-abi3-manylinux_2_34_x86_64.whl", hash = "sha256:1981f1db4630889b9ef7803fadef12b056f428cb6b85c27ba57b774793b6093c"},
    {file = "cryptography-50.0.2-cp39-abi3-musllinux_1_2_aarch64.whl", hash = "sha256:7a8701d6b584d76e909e3d305b7d126b41439876a5aaf76cddc67fc230eafa2e"},
    {file = "cryptography-50.0.2-cp39-abi3-musllinux_1_2_x86_64.whl", hash = "sha256:ce47f66801c20ec6c6632453bb5960fe38939e9306970b48b3a5a26de7745d94"},
    {file = "cryptography-50.0.2-cp39-abi3-win_amd64.whl", hash = "sha256:4e81d95e5bafc2d6e34e4bed780e53e4d5b9a2f928573428aa4d35fbec1eb0de"},
    {file = "cryptography-50.0.2.tar.gz", hash = "sha256:7b46165bb56eb4704e2eaaf86f3c940d19154535d9b0ca7d6d590b04060e00d5"},
]

[[package]]
name = "distro"
version = "1.9.0"
requires_python = ">=3.6"
summary = "Distro - an OS platform information API"
groups = ["default"]
files = [
    {file = "distro-1.9.0-py3-none-any.whl", hash = "sha256:7bffd925d65168f85027d8da9af6bddab658135b840670a223589bc0c8ef02b2"},
    {file = "distro-1.9.0.tar.gz", hash = "sha256:2fa77c6fd8940f116ee1d6b94a2f90b13b5ea8d019b98bc8bafdcabcdd9bdbed"},
]

[[package]]
name = "google-auth"
version = "2.60.0"
requires_python = ">=3.10"
summary = "Google Authentication Library"
groups = ["default"]
dependencies = [
    "cryptography>=38.0.3; python_version < \"3.14\"",
    "cryptography>=41.0.5; python_version >= \"3.14\"",
    "pyasn1-modules>=0.2.1",
]
files = [
    {file = "google_auth-2.60.0-py3-none-any.whl", hash = "sha256:e78414cd2e22cc02884768707def024ca32da17695f2c0e6194cdbe1316c4cd4"},
    {file = "google_auth-2.60.0.tar.gz", hash = "sha256:34aa0283ef72c99cd410e35db4417211fa3e6aaa5399183227bbe3b82bd15192"},
]

[[package]]
name = "google-auth"
version = "2.60.0"
extras = ["requests"]
requires_python = ">=3.10"
summary = "Google Authentication Library"
groups = ["default"]
dependencies = [
    "google-auth==2.60.0",
    "requests<3.0.0,>=2.30.0",
]
files = [
    {file = "google_auth-2.60.0-py3-none-any.whl", hash = "sha256:e78414cd2e22cc02884768707def024ca32da17695f2c0e6194cdbe1316c4cd4"},
    {file = "google_auth-2.60.0.tar.gz", hash = "sha256:34aa0283ef72c99cd410e35db4417211fa3e6aaa5399183227bbe3b82bd15192"},
]

[[package]]
name = "google-genai"
version = "2.28.0"
requires_python = ">=3.10"
summary = "GenAI Python SDK"
groups = ["default"]
dependencies = [
    "anyio<5.0.0,>=4.8.0",
    "distro<2,>=1.7.0",
    "google-auth[requests]<3.0.0,>=2.56.0",
    "httpx<1.0.0,>=0.28.1",
    "pydantic<3.0.0,>=2.12.5",
    "requests<3.0.0,>=2.28.1",
    "sniffio",
    "tenacity<9.2.0,>=8.2.3",
    "typing-extensions<5.0.0,>=4.14.0",
    "websockets<17.0,>=13.0.0",
]
files = [
    {file = "google_genai-2.28.0-py3-none-any.whl", hash = "sha256:cdee15e2fbfea08ea61bce6e5bfbb3301db4bd13a52dccfa8c8d1167e37ca1cc"},
    {file = "google_genai-2.28.0.tar.gz", hash = "sha256:970cb2eaf1951949851c3e0a5b70265cfea8a408fb7361c7c980a84d90672bf2"},
]

[[package]]
name = "h11"
version = "0.16.0"
requires_python = ">=3.8"
summary = "A pure-Python, bring-your-own-I/O implementation of HTTP/1.1"
groups = ["default"]
files = [
    {file = "h11-0.16.0-py3-none-any.whl", hash = "sha256:63cf8bbe7522de3bf65932fda1d9c2772064ffb3dae62d55932da54b31cb6c86"},
    {file = "h11-0.16.0.tar.gz", hash = "sha256:4e35b956cf45792e4caa5885e69fba00bdbc6ffafbfa020300e549b208ee5ff1"},
]

[[package]]
name = "httpcore"
version = "1.0.9"
requires_python = ">=3.8"
summary = "A minimal low-level HTTP client."
groups = ["default"]
dependencies = [
    "certifi",
    "h11>=0.16",
]
files = [
    {file = "httpcore-1.0.9-py3-none-any.whl", hash = "sha256:2d400746a40668fc9dec9810239072b40b4484b640a8c38fd654a024c7a1bf55"},
    {file = "httpcore-1.0.9.tar.gz", hash = "sha256:6e34463af53fd2ab5d807f399a9b45ea31c3dfa2276f15a2c3f00afff6e176e8"},
]

[[package]]
name = "httpx"
version = "0.28.1"
requires_python = ">=3.8"
summary = "The next generation HTTP client."
groups = ["default"]
dependencies = [
    "anyio",
    "certifi",
    "httpcore==1.*",
    "idna",
]
files = [
    {file = "httpx-0.28.1-py3-none-any.whl", hash = "sha256:d909fcccc110f8c7faf814ca82a9a4d816bc5a6dbfea25d6591d6985b8ba59ad"},
    {file = "httpx-0.28.1.tar.gz", hash = "sha256:75e98c5f16b0f35b567856f597f06ff2270a374470a5c2392242528e3e3e42fc"},
]

[[package]]
name = "idna"
version = "3.20"
requires_python = ">=3.9"
summary = "Internationalized Domain Names in Applications (IDNA)"
groups = ["default"]
files = [
    {file = "idna-3.20-py3-none-any.whl", hash = "sha256:ab7ae7122974553370f0bdb919e1a960b2cd1bc1ef0276416d896db81c14582c"},
    {file = "idna-3.20.tar.gz", hash = "sha256:a7db850025b95ded1eae8a46181a1a6c56c92c96f0e2b005d9ff8dc0210cab44"},
]

[[package]]
name = "pyasn1"
version = "0.6.4"
requires_python = ">=3.8"
summary = "Pure-Python implementation of ASN.1 types and DER/BER/CER codecs (X.208)"
groups = ["default"]
files = [
    {file = "pyasn1-0.6.4-py3-none-any.whl", hash = "sha256:deda9277cfd454080ec40b207fb6df82206a3a2688735233cdcd8d3d565f088b"},
    {file = "pyasn1-0.6.4.tar.gz", hash = "sha256:9c447d8431c947fe4c8febc4ed9e760bc29011a5b01e5c74b67025bd9fb8ce81"},
]

[[package]]
name = "pyasn1-modules"
version = "0.4.2"
requires_python = ">=3.8"
summary = "A collection of ASN.1-based protocols modules"
groups = ["default"]
dependencies = [
    "pyasn1<0.7.0,>=0.6.1",
]
files = [
    {file = "pyasn1_modules-0.4.2-py3-none-any.whl", hash = "sha256:29253a9207ce32b64c3ac6600edc75368f98473906e8fd1043bd6b5b1de2c14a"},
    {file = "pyasn1_modules-0.4.2.tar.gz", hash = "sha256:677091de870a80aae844b1ca6134f54652fa2c8c5a52aa396440ac3106e941e6"},
]

[[package]]
name = "pycparser"
version = "3.0"
requires_python = ">=3.10"
summary = "C parser in Python"
groups = ["default"]
marker = "platform_python_implementation != \"PyPy\" and python_version < \"3.14\" and implementation_name != \"PyPy\""
files = [
    {file = "pycparser-3.0-py3-none-any.whl", hash = "sha256:b727414169a36b7d524c1c3e31839a521725078d7b2ff038656844266160a992"},
    {file = "pycparser-3.0.tar.gz", hash = "sha256:600f49d217304a5902ac3c37e1281c9fe94e4d0489de643a9504c5cdfdfc6b29"},
]

[[package]]
name = "pydantic"
version = "2.13.5"
requires_python = ">=3.9"
summary = "Data validation using Python type hints"
groups = ["default"]
dependencies = [
    "annotated-types>=0.6.0",
    "pydantic-core==2.46.5",
    "typing-extensions>=4.14.1",
    "typing-inspection>=0.4.2",
]
files = [
    {file = "pydantic-2.13.5-py3-none-any.whl", hash = "sha256:346a034f080da3755d8e9cb5e00e8b07de1d39e4f6e2c87d8ab7cafa0b269a73"},
    {file = "pydantic-2.13.5.tar.gz", hash = "sha256:51a9c5f7b2f8e636f04c6cada605d9b6a3bf1348fdf945a3d8869b19bba0ee08"},
]

[[package]]
name = "pydantic-core"
version = "2.46.5"
requires_python = ">=3.9"
summary = "Core functionality for Pydantic validation and serialization"
groups = ["default"]
dependencies = [
    "typing-extensions>=4.14.1",
]
files = [
    {file = "pydantic_core-2.46.5-cp313-cp313-macosx_10_12_x86_64.whl", hash = "sha256:b7ca9034437b6022f941f4857459562ee00a560b97e7cce8a0ec5a74fc6766e0"},
    {file = "pydantic_core-2.46.5-cp313-cp313-macosx_11_0_arm64.whl", hash = "sha256:f332f0e72a5a0400141f830744e141bf9f97917878dbe968669e8a7fefea78ff"},
    {file = "pydantic_core-2.46.5-cp313-cp313-manylinux_2_17_aarch64.manylinux2014_aarch64.whl", hash = "sha256:193375f3548919d3f0b60936ca113ada3e38f264f91b9b8e0508efaad57be931"},
    {file = "pydantic_core-2.46.5-cp313-cp313-manylinux_2_17_armv7l.manylinux2014_armv7l.whl", hash = "sha256:79bdfa52f843137045b2d081cc05c120ba6665d29b7559c2c47690906f39279f"},
    {file = "pydantic_core-2.46.5-cp313-cp313-manylinux_2_17_ppc64le.manylinux2014_ppc64le.whl", hash = "sha256:24922243639cbdac66c75fcb6fd6495a9cb52b213d62f9a0d16f0310b1ff8038"},
    {file = "pydantic_core-2.46.5-cp313-cp313-manylinux_2_17_s390x.manylinux2014_s390x.whl", hash = "sha256:c76fe65e607be28c7fd4d56fc3c42b1583aa058ce3408b7ad0fd540171d31f9f"},
    {file = "pydantic_core-2.46.5-cp313-cp313-manylinux_2_17_x86_64.manylinux2014_x86_64.whl", hash = "sha256:6f7b393a8b3da82f5c1fc0751e6d01ac6c55b93c18226a60bdfba4a724efafd1"},
    {file = "pydantic_core-2.46.5-cp313-cp313-manylinux_2_31_riscv64.whl", hash = "sha256:7ac031912d54f3d83ef3b3eb98dfabc1608802e2202263d25957eeed40b94761"},
    {file = "pydantic_core-2.46.5-cp313-cp313-manylinux_2_5_i686.manylinux1_i686.whl", hash = "sha256:837b396ca3d7b74091ca623f6cbd8351bd42d670a79c2683e79fb089f06a2de5"},
    {file = "pydantic_core-2.46.5-cp313-cp313-musllinux_1_1_aarch64.whl", hash = "sha256:5ee239d575f80b08eca11f6e20f90c4c695de7825c67eefe6091fbf20dda648e"},
    {file = "pydantic_core-2.46.5-cp313-cp313-musllinux_1_1_armv7l.whl", hash = "sha256:e80675d75ae2cd14372cb65cad5400d9347a3d3f6c13000183f22dfd027283ed"},
    {file = "pydantic_core-2.46.5-cp313-cp313-musllinux_1_1_x86_64.whl", hash = "sha256:9c4b71f10dd532fb7a5cbc8f58707779e64f03a258c2bf8bfbaecfcd9970b519"},
    {file = "pydantic_core-2.46.5-cp313-cp313-win32.whl", hash = "sha256:97bf8de4d541598c94a59344eeb988a94c08ff76b5723c41f6567ec18c7892ea"},
    {file = "pydantic_core-2.46.5-cp313-cp313-win_amd64.whl", hash = "sha256:15f4a94963c95accac15b7b657bb177d3ad82bb90b0d0526d9a9b85079925db5"},
    {file = "pydantic_core-2.46.5-cp313-cp313-win_arm64.whl", hash = "sha256:d22a945598fb91236b4dd793a6e42e4f3dd7740bb5aace5ebd7d4c08d13bb575"},
    {file = "pydantic_core-2.46.5.tar.gz", hash = "sha256:10416c15b8839ecc4ef4d0885da76da6fd0f67333a0eb8aff6d93c4b8f2910fc"},
]

[[package]]
name = "requests"
version = "2.34.2"
requires_python = ">=3.10"
summary = "Python HTTP for Humans."
groups = ["default"]
dependencies = [
    "certifi>=2023.5.7",
    "charset-normalizer<4,>=2",
    "idna<4,>=2.5",
    "urllib3<3,>=1.26",
]
files = [
    {file = "requests-2.34.2-py3-none-any.whl", hash = "sha256:2a0d60c172f83ac6ab31e4554906c0f3b3588d37b5cb939b1c061f4907e278e0"},
    {file = "requests-2.34.2.tar.gz", hash = "sha256:f288924cae4e29463698d6d60bc6a4da69c89185ad1e0bcc4104f584e960b9ed"},
]

[[package]]
name = "sniffio"
version = "1.3.1"
requires_python = ">=3.7"
summary = "Sniff out which async library your code is running under"
groups = ["default"]
files = [
    {file = "sniffio-1.3.1-py3-none-any.whl", hash = "sha256:2f6da418d1f1e0fddd844478f41680e794e6051915791a034ff65e5f100525a2"},
    {file = "sniffio-1.3.1.tar.gz", hash = "sha256:f4324edc670a0f49750a81b895f35c3adb843cca46f0530f79fc1babb23789dc"},
]

[[package]]
name = "tenacity"
version = "9.1.4"
requires_python = ">=3.10"
summary = "Retry code until it succeeds"
groups = ["default"]
files = [
    {file = "tenacity-9.1.4-py3-none-any.whl", hash = "sha256:6095a360c919085f28c6527de529e76a06ad89b23659fa881ae0649b867a9d55"},
    {file = "tenacity-9.1.4.tar.gz", hash = "sha256:adb31d4c263f2bd041081ab33b498309a57c77f9acf2db65aadf0898179cf93a"},
]

[[package]]
name = "typing-extensions"
version = "4.16.0"
requires_python = ">=3.9"
summary = "Backported and Experimental Type Hints for Python 3.9+"
groups = ["default"]
files = [
    {file = "typing_extensions-4.16.0-py3-none-any.whl", hash = "sha256:481caa481374e813c1b176ada14e97f1f67a4539ce9cfeb3f350d78d6370c2e8"},
    {file = "typing_extensions-4.16.0.tar.gz", hash = "sha256:dc983d19a509c94dba722ee6abd33940f7c05a89e243c47e907eb4db6f1a43e5"},
]

[[package]]
name = "typing-inspection"
version = "0.4.4"
requires_python = ">=3.10"
summary = "Runtime typing introspection tools"
groups = ["default"]
dependencies = [
    "typing-extensions>=4.15.0",
]
files = [
    {file = "typing_inspection-0.4.4-py3-none-any.whl", hash = "sha256:65b8397ba37ccbce054456aaccddfc91e6e3083c92824df348d96ca832f3f147"},
    {file = "typing_inspection-0.4.4.tar.gz", hash = "sha256:547274fa6b0a561ccf549cc9524b999a578e737d015d8709d021f9d0d13bea47"},
]

[[package]]
name = "urllib3"
version = "2.8.0"
requires_python = ">=3.10"
summary = "HTTP library with thread-safe connection pooling, file post, and more."
groups = ["default"]
files = [
    {file = "urllib3-2.8.0-py3-none-any.whl", hash = "sha256:0cf3cae568d36aa9576b28dfb35f11328f1cb974ca7647d9475ebb86c75ac6e3"},
    {file = "urllib3-2.8.0.tar.gz", hash = "sha256:63bf2ead4c879426ebf22ef2a781eeb4aa3b4ae798a0435506f8687fd5bb9b63"},
]

[[package]]
name = "websockets"
version = "16.1.1"
requires_python = ">=3.10"
summary = "An implementation of the WebSocket Protocol (RFC 6455 & 7692)"
groups = ["default"]
files = [
    {file = "websockets-16.1.1-cp313-cp313-macosx_10_13_universal2.whl", hash = "sha256:ab59169ace05dcb49a1d4118f0bde139557adf45091bd85747e36bf5de984dd1"},
    {file = "websockets-16.1.1-cp313-cp313-macosx_10_13_x86_64.whl", hash = "sha256:5e3b7d601f6f84156b08cc4a5e541c2b50ad7b36cfc302b657a12477c904a5df"},
    {file = "websockets-16.1.1-cp313-cp313-macosx_11_0_arm64.whl", hash = "sha256:cd2ca96a082a36964aca83e992f72abeb61b7306c1a6cba4c7d06a7b93750cac"},
    {file = "websockets-16.1.1-cp313-cp313-manylinux1_x86_64.manylinux_2_28_x86_64.manylinux_2_5_x86_64.whl", hash = "sha256:f5d497865f05bb222cab7016c6034542e84e5f29f49c6fd3f4939cda7197b5b8"},
    {file = "websockets-16.1.1-cp313-cp313-manylinux2014_aarch64.manylinux_2_17_aarch64.manylinux_2_28_aarch64.whl", hash = "sha256:bae954c382e013d5ea5b190d2830526bfa45ad121c326da0049b8c769f185db6"},
    {file = "websockets-16.1.1-cp313-cp313-manylinux2014_armv7l.manylinux_2_17_armv7l.manylinux_2_31_armv7l.whl", hash = "sha256:e09f753a169951eb4f28c2c774f71069304f66e7277e0f5a2892423599cfa854"},
    {file = "websockets-16.1.1-cp313-cp313-manylinux2014_ppc64le.manylinux_2_17_ppc64le.manylinux_2_28_ppc64le.whl", hash = "sha256:024193f8551a2b0eafbdd160911012c4e6c228c28430c84433253299a9e42d6a"},
    {file = "websockets-16.1.1-cp313-cp313-manylinux2014_s390x.manylinux_2_17_s390x.manylinux_2_28_s390x.whl", hash = "sha256:aabe464bfd13bd25f4821faf111da6fefdc389f870265a53105580e45b0a2e49"},
    {file = "websockets-16.1.1-cp313-cp313-manylinux_2_31_riscv64.manylinux_2_39_riscv64.whl", hash = "sha256:a28fcbc9b6baf54a2e23f8655f308e4ccc6afdd7266f8fe7954f320dcda0f785"},
    {file = "websockets-16.1.1-cp313-cp313-musllinux_1_2_aarch64.whl", hash = "sha256:79eace538c6a97e96d0d03d4f9d314f9677f5ed85a8a984992ffd90b13cb8a56"},
    {file = "websockets-16.1.1-cp313-cp313-musllinux_1_2_armv7l.whl", hash = "sha256:496af849a472b531f758dbd4d61338f5000538cb1a7b3d20d9d32a264517f509"},
    {file = "websockets-16.1.1-cp313-cp313-musllinux_1_2_ppc64le.whl", hash = "sha256:5283810d2646741a0d8da2aa733d6aefa0545809afccb2a5d105a26bc45125f1"},
    {file = "websockets-16.1.1-cp313-cp313-musllinux_1_2_riscv64.whl", hash = "sha256:4e3b680b1e0a27457e727a0d572fd81dffa87b6dbf8b228ab57da64f7d85aead"},
    {file = "websockets-16.1.1-cp313-cp313-musllinux_1_2_s390x.whl", hash = "sha256:69159730a823dde3ea8d08783e8d47ef135a6d7e8d44eb127e32b321c9db8e3e"},
    {file = "websockets-16.1.1-cp313-cp313-musllinux_1_2_x86_64.whl", hash = "sha256:ed5bb271084b46530ee2ddc0410537a9961152c5ccba2fc98c5276d992ccba87"},
    {file = "websockets-16.1.1-cp313-cp313-win32.whl", hash = "sha256:cfb70b4eb56cac4da0a83588f3ad50d46beb0690391082f3d4e2d488c70b68ea"},
    {file = "websockets-16.1.1-cp313-cp313-win_amd64.whl", hash = "sha256:d9531d9cbeac99af6f038fb1bc351403531f7d634a2c2e10e2f7c854c6ed5b68"},
    {file = "websockets-16.1.1-py3-none-any.whl", hash = "sha256:6abbd3e82c731c8e531714466acd5d87b5e88ac3243465337ba71d68e23ae7e3"},
    {file = "websockets-16.1.1.tar.gz", hash = "sha256:db234eda965dcce15df96bb9709f587cd87d4d52aaf0e80e2f34ec04c7670c57"},
]
